
Microsoft Visual Studio Solution File, Format Version 12.00
# Visual Studio Version 17
VisualStudioVersion = 17.5.002.0
MinimumVisualStudioVersion = 10.0.40219.1
Project("{9A19103F-16F7-4668-BE54-9A1E7A4F7556}") = "DamianMatysik_BDwAI_Project", "DamianMatysik_BDwAI_Project.csproj", "{ADA86915-8692-47C3-9E8B-EB9F1E1F5DB3}"
EndProject
Global
	GlobalSection(SolutionConfigurationPlatforms) = preSolution
		Debug|Any CPU = Debug|Any CPU
		Release|Any CPU = Release|Any CPU
	EndGlobalSection
	GlobalSection(ProjectConfigurationPlatforms) = postSolution
		{ADA86915-8692-47C3-9E8B-EB9F1E1F5DB3}.Debug|Any CPU.ActiveCfg = Debug|Any CPU
		{ADA86915-8692-47C3-9E8B-EB9F1E1F5DB3}.Debug|Any CPU.Build.0 = Debug|Any CPU
		{ADA86915-8692-47C3-9E8B-EB9F1E1F5DB3}.Release|Any CPU.ActiveCfg = Release|Any CPU
		{ADA86915-8692-47C3-9E8B-EB9F1E1F5DB3}.Release|Any CPU.Build.0 = Release|Any CPU
	EndGlobalSection
	GlobalSection(SolutionProperties) = preSolution
		HideSolutionNode = FALSE
	EndGlobalSection
	GlobalSection(ExtensibilityGlobals) = postSolution
		SolutionGuid = {899EA8BA-2A11-4067-886F-025FC458589F}
	EndGlobalSection
EndGlobal
